{
    "version": 3,
    "terraform_version": "0.11.14",
    "serial": 4,
    "lineage": "d7bae4d5-506a-ea69-9830-2e87feac8141",
    "modules": [
        {
            "path": [
                "root"
            ],
            "outputs": {
                "google_storage_bucket_image-store": {
                    "sensitive": false,
                    "type": "string",
                    "value": "demo-bucket-0f84f5734eec"
                }
            },
            "resources": {
                "google_project_iam_member.project": {
                    "type": "google_project_iam_member",
                    "depends_on": [],
                    "primary": {
                        "id": "sandbox-0700/roles/editor/user:garrettwong@gwongcloud.com",
                        "attributes": {
                            "etag": "BwWXT/E1VV0=",
                            "id": "sandbox-0700/roles/editor/user:garrettwong@gwongcloud.com",
                            "member": "user:garrettwong@gwongcloud.com",
                            "project": "sandbox-0700",
                            "role": "roles/editor"
                        },
                        "meta": {},
                        "tainted": false
                    },
                    "deposed": [],
                    "provider": "provider.google"
                },
                "google_storage_bucket.image-store": {
                    "type": "google_storage_bucket",
                    "depends_on": [
                        "random_id.bucket_suffix.*"
                    ],
                    "primary": {
                        "id": "demo-bucket-0f84f5734eec",
                        "attributes": {
                            "bucket_policy_only": "false",
                            "cors.#": "0",
                            "encryption.#": "0",
                            "force_destroy": "false",
                            "id": "demo-bucket-0f84f5734eec",
                            "labels.%": "0",
                            "lifecycle_rule.#": "0",
                            "location": "ASIA-SOUTHEAST1",
                            "logging.#": "0",
                            "name": "demo-bucket-0f84f5734eec",
                            "project": "sandbox-0700",
                            "requester_pays": "false",
                            "retention_policy.#": "0",
                            "self_link": "https://www.googleapis.com/storage/v1/b/demo-bucket-0f84f5734eec",
                            "storage_class": "STANDARD",
                            "url": "gs://demo-bucket-0f84f5734eec",
                            "versioning.#": "0",
                            "website.#": "1",
                            "website.0.main_page_suffix": "index.html",
                            "website.0.not_found_page": "404.html"
                        },
                        "meta": {},
                        "tainted": false
                    },
                    "deposed": [],
                    "provider": "provider.google"
                },
                "random_id.bucket_suffix": {
                    "type": "random_id",
                    "depends_on": [],
                    "primary": {
                        "id": "D4T1c07s",
                        "attributes": {
                            "b64": "D4T1c07s",
                            "b64_std": "D4T1c07s",
                            "b64_url": "D4T1c07s",
                            "byte_length": "6",
                            "dec": "17063728074476",
                            "hex": "0f84f5734eec",
                            "id": "D4T1c07s"
                        },
                        "meta": {},
                        "tainted": false
                    },
                    "deposed": [],
                    "provider": "provider.random"
                }
            },
            "depends_on": []
        }
    ]
}
